
Microsoft Visual Studio Solution File, Format Version 12.00
# Visual Studio 14
VisualStudioVersion = 14.0.25420.1
MinimumVisualStudioVersion = 10.0.40219.1
Project("{8BC9CEB8-8B4A-11D0-8D11-00A0C91BC942}") = "Aula0810", "Aula0810\Aula0810.vcxproj", "{A96F5814-94E2-421C-9E29-6664F89E6253}"
EndProject
Project("{8BC9CEB8-8B4A-11D0-8D11-00A0C91BC942}") = "Aula1010_Funcoes", "Aula1010_Funcoes\Aula1010_Funcoes.vcxproj", "{DCDB6234-09B5-4303-8E94-AFB49B156C27}"
EndProject
Project("{8BC9CEB8-8B4A-11D0-8D11-00A0C91BC942}") = "Calculadora", "Calculadora\Calculadora.vcxproj", "{C6C7D024-3682-4925-A22B-16E8971DC36B}"
EndProject
Project("{8BC9CEB8-8B4A-11D0-8D11-00A0C91BC942}") = "MaiorValor", "MaiorValor\MaiorValor.vcxproj", "{8A1A38B9-EBF1-4DDF-96F7-CDDDFB597CE9}"
EndProject
Project("{8BC9CEB8-8B4A-11D0-8D11-00A0C91BC942}") = "Case", "Case\Case.vcxproj", "{AE6935D4-C483-4E81-9ADE-1C04A15972E3}"
EndProject
Project("{8BC9CEB8-8B4A-11D0-8D11-00A0C91BC942}") = "imposto", "imposto\imposto.vcxproj", "{DCADC7CD-5152-4321-B263-5F8C7A5A610C}"
EndProject
Project("{8BC9CEB8-8B4A-11D0-8D11-00A0C91BC942}") = "ValorInteiro", "ValorInteiro\ValorInteiro.vcxproj", "{12E2A7BE-4B17-4837-B250-0BFE88296187}"
EndProject
Project("{8BC9CEB8-8B4A-11D0-8D11-00A0C91BC942}") = "Crescente", "Crescente\Crescente.vcxproj", "{06A01E9D-A762-44B7-AA03-0E9780DC1695}"
EndProject
Global
	GlobalSection(SolutionConfigurationPlatforms) = preSolution
		Debug|x64 = Debug|x64
		Debug|x86 = Debug|x86
		Release|x64 = Release|x64
		Release|x86 = Release|x86
	EndGlobalSection
	GlobalSection(ProjectConfigurationPlatforms) = postSolution
		{A96F5814-94E2-421C-9E29-6664F89E6253}.Debug|x64.ActiveCfg = Debug|x64
		{A96F5814-94E2-421C-9E29-6664F89E6253}.Debug|x64.Build.0 = Debug|x64
		{A96F5814-94E2-421C-9E29-6664F89E6253}.Debug|x86.ActiveCfg = Debug|Win32
		{A96F5814-94E2-421C-9E29-6664F89E6253}.Debug|x86.Build.0 = Debug|Win32
		{A96F5814-94E2-421C-9E29-6664F89E6253}.Release|x64.ActiveCfg = Release|x64
		{A96F5814-94E2-421C-9E29-6664F89E6253}.Release|x64.Build.0 = Release|x64
		{A96F5814-94E2-421C-9E29-6664F89E6253}.Release|x86.ActiveCfg = Release|Win32
		{A96F5814-94E2-421C-9E29-6664F89E6253}.Release|x86.Build.0 = Release|Win32
		{DCDB6234-09B5-4303-8E94-AFB49B156C27}.Debug|x64.ActiveCfg = Debug|x64
		{DCDB6234-09B5-4303-8E94-AFB49B156C27}.Debug|x64.Build.0 = Debug|x64
		{DCDB6234-09B5-4303-8E94-AFB49B156C27}.Debug|x86.ActiveCfg = Debug|Win32
		{DCDB6234-09B5-4303-8E94-AFB49B156C27}.Debug|x86.Build.0 = Debug|Win32
		{DCDB6234-09B5-4303-8E94-AFB49B156C27}.Release|x64.ActiveCfg = Release|x64
		{DCDB6234-09B5-4303-8E94-AFB49B156C27}.Release|x64.Build.0 = Release|x64
		{DCDB6234-09B5-4303-8E94-AFB49B156C27}.Release|x86.ActiveCfg = Release|Win32
		{DCDB6234-09B5-4303-8E94-AFB49B156C27}.Release|x86.Build.0 = Release|Win32
		{C6C7D024-3682-4925-A22B-16E8971DC36B}.Debug|x64.ActiveCfg = Debug|x64
		{C6C7D024-3682-4925-A22B-16E8971DC36B}.Debug|x64.Build.0 = Debug|x64
		{C6C7D024-3682-4925-A22B-16E8971DC36B}.Debug|x86.ActiveCfg = Debug|Win32
		{C6C7D024-3682-4925-A22B-16E8971DC36B}.Debug|x86.Build.0 = Debug|Win32
		{C6C7D024-3682-4925-A22B-16E8971DC36B}.Release|x64.ActiveCfg = Release|x64
		{C6C7D024-3682-4925-A22B-16E8971DC36B}.Release|x64.Build.0 = Release|x64
		{C6C7D024-3682-4925-A22B-16E8971DC36B}.Release|x86.ActiveCfg = Release|Win32
		{C6C7D024-3682-4925-A22B-16E8971DC36B}.Release|x86.Build.0 = Release|Win32
		{8A1A38B9-EBF1-4DDF-96F7-CDDDFB597CE9}.Debug|x64.ActiveCfg = Debug|x64
		{8A1A38B9-EBF1-4DDF-96F7-CDDDFB597CE9}.Debug|x64.Build.0 = Debug|x64
		{8A1A38B9-EBF1-4DDF-96F7-CDDDFB597CE9}.Debug|x86.ActiveCfg = Debug|Win32
		{8A1A38B9-EBF1-4DDF-96F7-CDDDFB597CE9}.Debug|x86.Build.0 = Debug|Win32
		{8A1A38B9-EBF1-4DDF-96F7-CDDDFB597CE9}.Release|x64.ActiveCfg = Release|x64
		{8A1A38B9-EBF1-4DDF-96F7-CDDDFB597CE9}.Release|x64.Build.0 = Release|x64
		{8A1A38B9-EBF1-4DDF-96F7-CDDDFB597CE9}.Release|x86.ActiveCfg = Release|Win32
		{8A1A38B9-EBF1-4DDF-96F7-CDDDFB597CE9}.Release|x86.Build.0 = Release|Win32
		{AE6935D4-C483-4E81-9ADE-1C04A15972E3}.Debug|x64.ActiveCfg = Debug|x64
		{AE6935D4-C483-4E81-9ADE-1C04A15972E3}.Debug|x64.Build.0 = Debug|x64
		{AE6935D4-C483-4E81-9ADE-1C04A15972E3}.Debug|x86.ActiveCfg = Debug|Win32
		{AE6935D4-C483-4E81-9ADE-1C04A15972E3}.Debug|x86.Build.0 = Debug|Win32
		{AE6935D4-C483-4E81-9ADE-1C04A15972E3}.Release|x64.ActiveCfg = Release|x64
		{AE6935D4-C483-4E81-9ADE-1C04A15972E3}.Release|x64.Build.0 = Release|x64
		{AE6935D4-C483-4E81-9ADE-1C04A15972E3}.Release|x86.ActiveCfg = Release|Win32
		{AE6935D4-C483-4E81-9ADE-1C04A15972E3}.Release|x86.Build.0 = Release|Win32
		{DCADC7CD-5152-4321-B263-5F8C7A5A610C}.Debug|x64.ActiveCfg = Debug|x64
		{DCADC7CD-5152-4321-B263-5F8C7A5A610C}.Debug|x64.Build.0 = Debug|x64
		{DCADC7CD-5152-4321-B263-5F8C7A5A610C}.Debug|x86.ActiveCfg = Debug|Win32
		{DCADC7CD-5152-4321-B263-5F8C7A5A610C}.Debug|x86.Build.0 = Debug|Win32
		{DCADC7CD-5152-4321-B263-5F8C7A5A610C}.Release|x64.ActiveCfg = Release|x64
		{DCADC7CD-5152-4321-B263-5F8C7A5A610C}.Release|x64.Build.0 = Release|x64
		{DCADC7CD-5152-4321-B263-5F8C7A5A610C}.Release|x86.ActiveCfg = Release|Win32
		{DCADC7CD-5152-4321-B263-5F8C7A5A610C}.Release|x86.Build.0 = Release|Win32
		{12E2A7BE-4B17-4837-B250-0BFE88296187}.Debug|x64.ActiveCfg = Debug|x64
		{12E2A7BE-4B17-4837-B250-0BFE88296187}.Debug|x64.Build.0 = Debug|x64
		{12E2A7BE-4B17-4837-B250-0BFE88296187}.Debug|x86.ActiveCfg = Debug|Win32
		{12E2A7BE-4B17-4837-B250-0BFE88296187}.Debug|x86.Build.0 = Debug|Win32
		{12E2A7BE-4B17-4837-B250-0BFE88296187}.Release|x64.ActiveCfg = Release|x64
		{12E2A7BE-4B17-4837-B250-0BFE88296187}.Release|x64.Build.0 = Release|x64
		{12E2A7BE-4B17-4837-B250-0BFE88296187}.Release|x86.ActiveCfg = Release|Win32
		{12E2A7BE-4B17-4837-B250-0BFE88296187}.Release|x86.Build.0 = Release|Win32
		{06A01E9D-A762-44B7-AA03-0E9780DC1695}.Debug|x64.ActiveCfg = Debug|x64
		{06A01E9D-A762-44B7-AA03-0E9780DC1695}.Debug|x64.Build.0 = Debug|x64
		{06A01E9D-A762-44B7-AA03-0E9780DC1695}.Debug|x86.ActiveCfg = Debug|Win32
		{06A01E9D-A762-44B7-AA03-0E9780DC1695}.Debug|x86.Build.0 = Debug|Win32
		{06A01E9D-A762-44B7-AA03-0E9780DC1695}.Release|x64.ActiveCfg = Release|x64
		{06A01E9D-A762-44B7-AA03-0E9780DC1695}.Release|x64.Build.0 = Release|x64
		{06A01E9D-A762-44B7-AA03-0E9780DC1695}.Release|x86.ActiveCfg = Release|Win32
		{06A01E9D-A762-44B7-AA03-0E9780DC1695}.Release|x86.Build.0 = Release|Win32
	EndGlobalSection
	GlobalSection(SolutionProperties) = preSolution
		HideSolutionNode = FALSE
	EndGlobalSection
EndGlobal
